
Microsoft Visual Studio Solution File, Format Version 12.00
# Visual Studio Version 16
VisualStudioVersion = 16.0.31321.278
MinimumVisualStudioVersion = 10.0.40219.1
Project("{FAE04EC0-301F-11D3-BF4B-00C04F79EFBC}") = "SD_Company", "SD_Company.csproj", "{C9037724-82BA-4D15-B37D-D0EF01B2BB57}"
EndProject
Global
	GlobalSection(SolutionConfigurationPlatforms) = preSolution
		Debug|Any CPU = Debug|Any CPU
		Release|Any CPU = Release|Any CPU
	EndGlobalSection
	GlobalSection(ProjectConfigurationPlatforms) = postSolution
		{C9037724-82BA-4D15-B37D-D0EF01B2BB57}.Debug|Any CPU.ActiveCfg = Debug|Any CPU
		{C9037724-82BA-4D15-B37D-D0EF01B2BB57}.Debug|Any CPU.Build.0 = Debug|Any CPU
		{C9037724-82BA-4D15-B37D-D0EF01B2BB57}.Release|Any CPU.ActiveCfg = Release|Any CPU
		{C9037724-82BA-4D15-B37D-D0EF01B2BB57}.Release|Any CPU.Build.0 = Release|Any CPU
	EndGlobalSection
	GlobalSection(SolutionProperties) = preSolution
		HideSolutionNode = FALSE
	EndGlobalSection
	GlobalSection(ExtensibilityGlobals) = postSolution
		SolutionGuid = {45439061-52A7-48CC-8659-8E045B71A5F5}
	EndGlobalSection
EndGlobal
